// !$*UTF8*$!
{
	archiveVersion = 1;
	classes = {
	};
	objectVersion = 46;
	objects = {

/* Begin PBXBuildFile section */
		883E7BDF1D45D41800A344A6 /* ImageView.m in Sources */ = {isa = PBXBuildFile; fileRef = 883E7BDE1D45D41800A344A6 /* ImageView.m */; };
		883E7C091D48A44400A344A6 /* frameworkTests.m in Sources */ = {isa = PBXBuildFile; fileRef = 883E7C081D48A44400A344A6 /* frameworkTests.m */; };
		88A3C18B1D3E2E8C00B4BB02 /* KBPhotoBrowser.m in Sources */ = {isa = PBXBuildFile; fileRef = 88A3C18A1D3E2E8B00B4BB02 /* KBPhotoBrowser.m */; };
		88A3C18E1D3E2EB900B4BB02 /* KBPhotoView.m in Sources */ = {isa = PBXBuildFile; fileRef = 88A3C18D1D3E2EB900B4BB02 /* KBPhotoView.m */; };
		88A3C1911D3E2ECD00B4BB02 /* KBBarView.m in Sources */ = {isa = PBXBuildFile; fileRef = 88A3C1901D3E2ECD00B4BB02 /* KBBarView.m */; };
		88C84B181D3E67DC00D84BBF /* KBLoadingView.m in Sources */ = {isa = PBXBuildFile; fileRef = 88C84B171D3E67DC00D84BBF /* KBLoadingView.m */; };
		88CDAF0A1CCF076B0017DE61 /* main.m in Sources */ = {isa = PBXBuildFile; fileRef = 88CDAF091CCF076B0017DE61 /* main.m */; };
		88CDAF0D1CCF076B0017DE61 /* AppDelegate.m in Sources */ = {isa = PBXBuildFile; fileRef = 88CDAF0C1CCF076B0017DE61 /* AppDelegate.m */; };
		88CDAF101CCF076B0017DE61 /* ViewController.m in Sources */ = {isa = PBXBuildFile; fileRef = 88CDAF0F1CCF076B0017DE61 /* ViewController.m */; };
		88CDAF131CCF076B0017DE61 /* Main.storyboard in Resources */ = {isa = PBXBuildFile; fileRef = 88CDAF111CCF076B0017DE61 /* Main.storyboard */; };
		88CDAF151CCF076B0017DE61 /* Assets.xcassets in Resources */ = {isa = PBXBuildFile; fileRef = 88CDAF141CCF076B0017DE61 /* Assets.xcassets */; };
		88CDAF181CCF076B0017DE61 /* LaunchScreen.storyboard in Resources */ = {isa = PBXBuildFile; fileRef = 88CDAF161CCF076B0017DE61 /* LaunchScreen.storyboard */; };
		88CDAF231CCF076B0017DE61 /* PhotoBrowserTests.m in Sources */ = {isa = PBXBuildFile; fileRef = 88CDAF221CCF076B0017DE61 /* PhotoBrowserTests.m */; };
		88CDAF2E1CCF076B0017DE61 /* PhotoBrowserUITests.m in Sources */ = {isa = PBXBuildFile; fileRef = 88CDAF2D1CCF076B0017DE61 /* PhotoBrowserUITests.m */; };
		B7A4A35B8F0B4E4431C15958 /* libPods.a in Frameworks */ = {isa = PBXBuildFile; fileRef = 15FCEB23807B60AC2CC97BF5 /* libPods.a */; };
/* End PBXBuildFile section */

/* Begin PBXContainerItemProxy section */
		883E7C051D48A44400A344A6 /* PBXContainerItemProxy */ = {
			isa = PBXContainerItemProxy;
			containerPortal = 88CDAEFD1CCF076B0017DE61 /* Project object */;
			proxyType = 1;
			remoteGlobalIDString = 88CDAF041CCF076B0017DE61;
			remoteInfo = PhotoBrowser;
		};
		88CDAF1F1CCF076B0017DE61 /* PBXContainerItemProxy */ = {
			isa = PBXContainerItemProxy;
			containerPortal = 88CDAEFD1CCF076B0017DE61 /* Project object */;
			proxyType = 1;
			remoteGlobalIDString = 88CDAF041CCF076B0017DE61;
			remoteInfo = PhotoBrowser;
		};
		88CDAF2A1CCF076B0017DE61 /* PBXContainerItemProxy */ = {
			isa = PBXContainerItemProxy;
			containerPortal = 88CDAEFD1CCF076B0017DE61 /* Project object */;
			proxyType = 1;
			remoteGlobalIDString = 88CDAF041CCF076B0017DE61;
			remoteInfo = PhotoBrowser;
		};
/* End PBXContainerItemProxy section */

/* Begin PBXCopyFilesBuildPhase section */
		883E7C141D48A44400A344A6 /* Embed Frameworks */ = {
			isa = PBXCopyFilesBuildPhase;
			buildActionMask = 2147483647;
			dstPath = "";
			dstSubfolderSpec = 10;
			files = (
			);
			name = "Embed Frameworks";
			runOnlyForDeploymentPostprocessing = 0;
		};
/* End PBXCopyFilesBuildPhase section */

/* Begin PBXFileReference section */
		15FCEB23807B60AC2CC97BF5 /* libPods.a */ = {isa = PBXFileReference; explicitFileType = archive.ar; includeInIndex = 0; path = libPods.a; sourceTree = BUILT_PRODUCTS_DIR; };
		17BEBB58356E4DC0D6156216 /* Pods.debug.xcconfig */ = {isa = PBXFileReference; includeInIndex = 1; lastKnownFileType = text.xcconfig; name = Pods.debug.xcconfig; path = "Pods/Target Support Files/Pods/Pods.debug.xcconfig"; sourceTree = "<group>"; };
		883E7BDD1D45D41800A344A6 /* ImageView.h */ = {isa = PBXFileReference; fileEncoding = 4; lastKnownFileType = sourcecode.c.h; name = ImageView.h; path = KBPhotoBrowser/ImageView.h; sourceTree = "<group>"; };
		883E7BDE1D45D41800A344A6 /* ImageView.m */ = {isa = PBXFileReference; fileEncoding = 4; lastKnownFileType = sourcecode.c.objc; name = ImageView.m; path = KBPhotoBrowser/ImageView.m; sourceTree = "<group>"; };
		883E7BFA1D48A44400A344A6 /* framework.h */ = {isa = PBXFileReference; lastKnownFileType = sourcecode.c.h; path = framework.h; sourceTree = "<group>"; };
		883E7BFC1D48A44400A344A6 /* Info.plist */ = {isa = PBXFileReference; lastKnownFileType = text.plist.xml; path = Info.plist; sourceTree = "<group>"; };
		883E7C011D48A44400A344A6 /* frameworkTests.xctest */ = {isa = PBXFileReference; explicitFileType = wrapper.cfbundle; includeInIndex = 0; path = frameworkTests.xctest; sourceTree = BUILT_PRODUCTS_DIR; };
		883E7C081D48A44400A344A6 /* frameworkTests.m */ = {isa = PBXFileReference; lastKnownFileType = sourcecode.c.objc; path = frameworkTests.m; sourceTree = "<group>"; };
		883E7C0A1D48A44400A344A6 /* Info.plist */ = {isa = PBXFileReference; lastKnownFileType = text.plist.xml; path = Info.plist; sourceTree = "<group>"; };
		88A3C1891D3E2E8B00B4BB02 /* KBPhotoBrowser.h */ = {isa = PBXFileReference; fileEncoding = 4; lastKnownFileType = sourcecode.c.h; path = KBPhotoBrowser.h; sourceTree = "<group>"; };
		88A3C18A1D3E2E8B00B4BB02 /* KBPhotoBrowser.m */ = {isa = PBXFileReference; fileEncoding = 4; lastKnownFileType = sourcecode.c.objc; path = KBPhotoBrowser.m; sourceTree = "<group>"; };
		88A3C18C1D3E2EB900B4BB02 /* KBPhotoView.h */ = {isa = PBXFileReference; fileEncoding = 4; lastKnownFileType = sourcecode.c.h; path = KBPhotoView.h; sourceTree = "<group>"; };
		88A3C18D1D3E2EB900B4BB02 /* KBPhotoView.m */ = {isa = PBXFileReference; fileEncoding = 4; lastKnownFileType = sourcecode.c.objc; path = KBPhotoView.m; sourceTree = "<group>"; };
		88A3C18F1D3E2ECD00B4BB02 /* KBBarView.h */ = {isa = PBXFileReference; fileEncoding = 4; lastKnownFileType = sourcecode.c.h; path = KBBarView.h; sourceTree = "<group>"; };
		88A3C1901D3E2ECD00B4BB02 /* KBBarView.m */ = {isa = PBXFileReference; fileEncoding = 4; lastKnownFileType = sourcecode.c.objc; path = KBBarView.m; sourceTree = "<group>"; };
		88C84B161D3E67DC00D84BBF /* KBLoadingView.h */ = {isa = PBXFileReference; fileEncoding = 4; lastKnownFileType = sourcecode.c.h; path = KBLoadingView.h; sourceTree = "<group>"; };
		88C84B171D3E67DC00D84BBF /* KBLoadingView.m */ = {isa = PBXFileReference; fileEncoding = 4; lastKnownFileType = sourcecode.c.objc; path = KBLoadingView.m; sourceTree = "<group>"; };
		88CDAF051CCF076B0017DE61 /* PhotoBrowser.app */ = {isa = PBXFileReference; explicitFileType = wrapper.application; includeInIndex = 0; path = PhotoBrowser.app; sourceTree = BUILT_PRODUCTS_DIR; };
		88CDAF091CCF076B0017DE61 /* main.m */ = {isa = PBXFileReference; lastKnownFileType = sourcecode.c.objc; path = main.m; sourceTree = "<group>"; };
		88CDAF0B1CCF076B0017DE61 /* AppDelegate.h */ = {isa = PBXFileReference; lastKnownFileType = sourcecode.c.h; path = AppDelegate.h; sourceTree = "<group>"; };
		88CDAF0C1CCF076B0017DE61 /* AppDelegate.m */ = {isa = PBXFileReference; lastKnownFileType = sourcecode.c.objc; path = AppDelegate.m; sourceTree = "<group>"; };
		88CDAF0E1CCF076B0017DE61 /* ViewController.h */ = {isa = PBXFileReference; lastKnownFileType = sourcecode.c.h; path = ViewController.h; sourceTree = "<group>"; };
		88CDAF0F1CCF076B0017DE61 /* ViewController.m */ = {isa = PBXFileReference; lastKnownFileType = sourcecode.c.objc; path = ViewController.m; sourceTree = "<group>"; };
		88CDAF121CCF076B0017DE61 /* Base */ = {isa = PBXFileReference; lastKnownFileType = file.storyboard; name = Base; path = Base.lproj/Main.storyboard; sourceTree = "<group>"; };
		88CDAF141CCF076B0017DE61 /* Assets.xcassets */ = {isa = PBXFileReference; lastKnownFileType = folder.assetcatalog; path = Assets.xcassets; sourceTree = "<group>"; };
		88CDAF171CCF076B0017DE61 /* Base */ = {isa = PBXFileReference; lastKnownFileType = file.storyboard; name = Base; path = Base.lproj/LaunchScreen.storyboard; sourceTree = "<group>"; };
		88CDAF191CCF076B0017DE61 /* Info.plist */ = {isa = PBXFileReference; lastKnownFileType = text.plist.xml; path = Info.plist; sourceTree = "<group>"; };
		88CDAF1E1CCF076B0017DE61 /* PhotoBrowserTests.xctest */ = {isa = PBXFileReference; explicitFileType = wrapper.cfbundle; includeInIndex = 0; path = PhotoBrowserTests.xctest; sourceTree = BUILT_PRODUCTS_DIR; };
		88CDAF221CCF076B0017DE61 /* PhotoBrowserTests.m */ = {isa = PBXFileReference; lastKnownFileType = sourcecode.c.objc; path = PhotoBrowserTests.m; sourceTree = "<group>"; };
		88CDAF241CCF076B0017DE61 /* Info.plist */ = {isa = PBXFileReference; lastKnownFileType = text.plist.xml; path = Info.plist; sourceTree = "<group>"; };
		88CDAF291CCF076B0017DE61 /* PhotoBrowserUITests.xctest */ = {isa = PBXFileReference; explicitFileType = wrapper.cfbundle; includeInIndex = 0; path = PhotoBrowserUITests.xctest; sourceTree = BUILT_PRODUCTS_DIR; };
		88CDAF2D1CCF076B0017DE61 /* PhotoBrowserUITests.m */ = {isa = PBXFileReference; lastKnownFileType = sourcecode.c.objc; path = PhotoBrowserUITests.m; sourceTree = "<group>"; };
		88CDAF2F1CCF076B0017DE61 /* Info.plist */ = {isa = PBXFileReference; lastKnownFileType = text.plist.xml; path = Info.plist; sourceTree = "<group>"; };
		8B3730AD58B7C6B7B3A9B419 /* Pods.release.xcconfig */ = {isa = PBXFileReference; includeInIndex = 1; lastKnownFileType = text.xcconfig; name = Pods.release.xcconfig; path = "Pods/Target Support Files/Pods/Pods.release.xcconfig"; sourceTree = "<group>"; };
/* End PBXFileReference section */

/* Begin PBXFrameworksBuildPhase section */
		883E7BFE1D48A44400A344A6 /* Frameworks */ = {
			isa = PBXFrameworksBuildPhase;
			buildActionMask = 2147483647;
			files = (
			);
			runOnlyForDeploymentPostprocessing = 0;
		};
		88CDAF021CCF076B0017DE61 /* Frameworks */ = {
			isa = PBXFrameworksBuildPhase;
			buildActionMask = 2147483647;
			files = (
				B7A4A35B8F0B4E4431C15958 /* libPods.a in Frameworks */,
			);
			runOnlyForDeploymentPostprocessing = 0;
		};
		88CDAF1B1CCF076B0017DE61 /* Frameworks */ = {
			isa = PBXFrameworksBuildPhase;
			buildActionMask = 2147483647;
			files = (
			);
			runOnlyForDeploymentPostprocessing = 0;
		};
		88CDAF261CCF076B0017DE61 /* Frameworks */ = {
			isa = PBXFrameworksBuildPhase;
			buildActionMask = 2147483647;
			files = (
			);
			runOnlyForDeploymentPostprocessing = 0;
		};
/* End PBXFrameworksBuildPhase section */

/* Begin PBXGroup section */
		698567460BB93D5BF597DABD /* Pods */ = {
			isa = PBXGroup;
			children = (
				17BEBB58356E4DC0D6156216 /* Pods.debug.xcconfig */,
				8B3730AD58B7C6B7B3A9B419 /* Pods.release.xcconfig */,
			);
			name = Pods;
			sourceTree = "<group>";
		};
		883E7BF91D48A44400A344A6 /* framework */ = {
			isa = PBXGroup;
			children = (
				883E7BFA1D48A44400A344A6 /* framework.h */,
				883E7BFC1D48A44400A344A6 /* Info.plist */,
			);
			path = framework;
			sourceTree = "<group>";
		};
		883E7C071D48A44400A344A6 /* frameworkTests */ = {
			isa = PBXGroup;
			children = (
				883E7C081D48A44400A344A6 /* frameworkTests.m */,
				883E7C0A1D48A44400A344A6 /* Info.plist */,
			);
			path = frameworkTests;
			sourceTree = "<group>";
		};
		88A3C1881D3E2E6900B4BB02 /* KBPhotoBrowser */ = {
			isa = PBXGroup;
			children = (
				88A3C1891D3E2E8B00B4BB02 /* KBPhotoBrowser.h */,
				88A3C18A1D3E2E8B00B4BB02 /* KBPhotoBrowser.m */,
				88A3C18C1D3E2EB900B4BB02 /* KBPhotoView.h */,
				88A3C18D1D3E2EB900B4BB02 /* KBPhotoView.m */,
				88A3C18F1D3E2ECD00B4BB02 /* KBBarView.h */,
				88A3C1901D3E2ECD00B4BB02 /* KBBarView.m */,
				88C84B161D3E67DC00D84BBF /* KBLoadingView.h */,
				88C84B171D3E67DC00D84BBF /* KBLoadingView.m */,
			);
			path = KBPhotoBrowser;
			sourceTree = "<group>";
		};
		88CDAEFC1CCF076B0017DE61 = {
			isa = PBXGroup;
			children = (
				88CDAF071CCF076B0017DE61 /* PhotoBrowser */,
				88CDAF211CCF076B0017DE61 /* PhotoBrowserTests */,
				88CDAF2C1CCF076B0017DE61 /* PhotoBrowserUITests */,
				883E7BF91D48A44400A344A6 /* framework */,
				883E7C071D48A44400A344A6 /* frameworkTests */,
				88CDAF061CCF076B0017DE61 /* Products */,
				698567460BB93D5BF597DABD /* Pods */,
				902B2B6FE2DB8364AE662D1E /* Frameworks */,
			);
			sourceTree = "<group>";
		};
		88CDAF061CCF076B0017DE61 /* Products */ = {
			isa = PBXGroup;
			children = (
				88CDAF051CCF076B0017DE61 /* PhotoBrowser.app */,
				88CDAF1E1CCF076B0017DE61 /* PhotoBrowserTests.xctest */,
				88CDAF291CCF076B0017DE61 /* PhotoBrowserUITests.xctest */,
				883E7C011D48A44400A344A6 /* frameworkTests.xctest */,
			);
			name = Products;
			sourceTree = "<group>";
		};
		88CDAF071CCF076B0017DE61 /* PhotoBrowser */ = {
			isa = PBXGroup;
			children = (
				88A3C1881D3E2E6900B4BB02 /* KBPhotoBrowser */,
				88CDAF0B1CCF076B0017DE61 /* AppDelegate.h */,
				88CDAF0C1CCF076B0017DE61 /* AppDelegate.m */,
				88CDAF0E1CCF076B0017DE61 /* ViewController.h */,
				88CDAF0F1CCF076B0017DE61 /* ViewController.m */,
				883E7BDD1D45D41800A344A6 /* ImageView.h */,
				883E7BDE1D45D41800A344A6 /* ImageView.m */,
				88CDAF111CCF076B0017DE61 /* Main.storyboard */,
				88CDAF141CCF076B0017DE61 /* Assets.xcassets */,
				88CDAF161CCF076B0017DE61 /* LaunchScreen.storyboard */,
				88CDAF191CCF076B0017DE61 /* Info.plist */,
				88CDAF081CCF076B0017DE61 /* Supporting Files */,
			);
			path = PhotoBrowser;
			sourceTree = "<group>";
		};
		88CDAF081CCF076B0017DE61 /* Supporting Files */ = {
			isa = PBXGroup;
			children = (
				88CDAF091CCF076B0017DE61 /* main.m */,
			);
			name = "Supporting Files";
			sourceTree = "<group>";
		};
		88CDAF211CCF076B0017DE61 /* PhotoBrowserTests */ = {
			isa = PBXGroup;
			children = (
				88CDAF221CCF076B0017DE61 /* PhotoBrowserTests.m */,
				88CDAF241CCF076B0017DE61 /* Info.plist */,
			);
			path = PhotoBrowserTests;
			sourceTree = "<group>";
		};
		88CDAF2C1CCF076B0017DE61 /* PhotoBrowserUITests */ = {
			isa = PBXGroup;
			children = (
				88CDAF2D1CCF076B0017DE61 /* PhotoBrowserUITests.m */,
				88CDAF2F1CCF076B0017DE61 /* Info.plist */,
			);
			path = PhotoBrowserUITests;
			sourceTree = "<group>";
		};
		902B2B6FE2DB8364AE662D1E /* Frameworks */ = {
			isa = PBXGroup;
			children = (
				15FCEB23807B60AC2CC97BF5 /* libPods.a */,
			);
			name = Frameworks;
			sourceTree = "<group>";
		};
/* End PBXGroup section */

/* Begin PBXNativeTarget section */
		883E7C001D48A44400A344A6 /* frameworkTests */ = {
			isa = PBXNativeTarget;
			buildConfigurationList = 883E7C151D48A44400A344A6 /* Build configuration list for PBXNativeTarget "frameworkTests" */;
			buildPhases = (
				883E7BFD1D48A44400A344A6 /* Sources */,
				883E7BFE1D48A44400A344A6 /* Frameworks */,
				883E7BFF1D48A44400A344A6 /* Resources */,
			);
			buildRules = (
			);
			dependencies = (
				883E7C061D48A44400A344A6 /* PBXTargetDependency */,
			);
			name = frameworkTests;
			productName = frameworkTests;
			productReference = 883E7C011D48A44400A344A6 /* frameworkTests.xctest */;
			productType = "com.apple.product-type.bundle.unit-test";
		};
		88CDAF041CCF076B0017DE61 /* PhotoBrowser */ = {
			isa = PBXNativeTarget;
			buildConfigurationList = 88CDAF321CCF076B0017DE61 /* Build configuration list for PBXNativeTarget "PhotoBrowser" */;
			buildPhases = (
				7B28AFE5DA56B18C8175E1FC /* Check Pods Manifest.lock */,
				88CDAF011CCF076B0017DE61 /* Sources */,
				88CDAF021CCF076B0017DE61 /* Frameworks */,
				88CDAF031CCF076B0017DE61 /* Resources */,
				7D05D455A7AA443713E1A267 /* Embed Pods Frameworks */,
				1172938FA677A243D14B4AA2 /* Copy Pods Resources */,
				883E7C141D48A44400A344A6 /* Embed Frameworks */,
			);
			buildRules = (
			);
			dependencies = (
			);
			name = PhotoBrowser;
			productName = PhotoBrowser;
			productReference = 88CDAF051CCF076B0017DE61 /* PhotoBrowser.app */;
			productType = "com.apple.product-type.application";
		};
		88CDAF1D1CCF076B0017DE61 /* PhotoBrowserTests */ = {
			isa = PBXNativeTarget;
			buildConfigurationList = 88CDAF351CCF076B0017DE61 /* Build configuration list for PBXNativeTarget "PhotoBrowserTests" */;
			buildPhases = (
				88CDAF1A1CCF076B0017DE61 /* Sources */,
				88CDAF1B1CCF076B0017DE61 /* Frameworks */,
				88CDAF1C1CCF076B0017DE61 /* Resources */,
			);
			buildRules = (
			);
			dependencies = (
				88CDAF201CCF076B0017DE61 /* PBXTargetDependency */,
			);
			name = PhotoBrowserTests;
			productName = PhotoBrowserTests;
			productReference = 88CDAF1E1CCF076B0017DE61 /* PhotoBrowserTests.xctest */;
			productType = "com.apple.product-type.bundle.unit-test";
		};
		88CDAF281CCF076B0017DE61 /* PhotoBrowserUITests */ = {
			isa = PBXNativeTarget;
			buildConfigurationList = 88CDAF381CCF076B0017DE61 /* Build configuration list for PBXNativeTarget "PhotoBrowserUITests" */;
			buildPhases = (
				88CDAF251CCF076B0017DE61 /* Sources */,
				88CDAF261CCF076B0017DE61 /* Frameworks */,
				88CDAF271CCF076B0017DE61 /* Resources */,
			);
			buildRules = (
			);
			dependencies = (
				88CDAF2B1CCF076B0017DE61 /* PBXTargetDependency */,
			);
			name = PhotoBrowserUITests;
			productName = PhotoBrowserUITests;
			productReference = 88CDAF291CCF076B0017DE61 /* PhotoBrowserUITests.xctest */;
			productType = "com.apple.product-type.bundle.ui-testing";
		};
/* End PBXNativeTarget section */

/* Begin PBXProject section */
		88CDAEFD1CCF076B0017DE61 /* Project object */ = {
			isa = PBXProject;
			attributes = {
				LastUpgradeCheck = 0720;
				ORGANIZATIONNAME = RT;
				TargetAttributes = {
					883E7C001D48A44400A344A6 = {
						CreatedOnToolsVersion = 7.1.1;
						DevelopmentTeam = 26J67QGDKL;
						TestTargetID = 88CDAF041CCF076B0017DE61;
					};
					88CDAF041CCF076B0017DE61 = {
						CreatedOnToolsVersion = 7.2;
					};
					88CDAF1D1CCF076B0017DE61 = {
						CreatedOnToolsVersion = 7.2;
						TestTargetID = 88CDAF041CCF076B0017DE61;
					};
					88CDAF281CCF076B0017DE61 = {
						CreatedOnToolsVersion = 7.2;
						TestTargetID = 88CDAF041CCF076B0017DE61;
					};
				};
			};
			buildConfigurationList = 88CDAF001CCF076B0017DE61 /* Build configuration list for PBXProject "PhotoBrowser" */;
			compatibilityVersion = "Xcode 3.2";
			developmentRegion = English;
			hasScannedForEncodings = 0;
			knownRegions = (
				en,
				Base,
			);
			mainGroup = 88CDAEFC1CCF076B0017DE61;
			productRefGroup = 88CDAF061CCF076B0017DE61 /* Products */;
			projectDirPath = "";
			projectRoot = "";
			targets = (
				88CDAF041CCF076B0017DE61 /* PhotoBrowser */,
				88CDAF1D1CCF076B0017DE61 /* PhotoBrowserTests */,
				88CDAF281CCF076B0017DE61 /* PhotoBrowserUITests */,
				883E7C001D48A44400A344A6 /* frameworkTests */,
			);
		};
/* End PBXProject section */

/* Begin PBXResourcesBuildPhase section */
		883E7BFF1D48A44400A344A6 /* Resources */ = {
			isa = PBXResourcesBuildPhase;
			buildActionMask = 2147483647;
			files = (
			);
			runOnlyForDeploymentPostprocessing = 0;
		};
		88CDAF031CCF076B0017DE61 /* Resources */ = {
			isa = PBXResourcesBuildPhase;
			buildActionMask = 2147483647;
			files = (
				88CDAF181CCF076B0017DE61 /* LaunchScreen.storyboard in Resources */,
				88CDAF151CCF076B0017DE61 /* Assets.xcassets in Resources */,
				88CDAF131CCF076B0017DE61 /* Main.storyboard in Resources */,
			);
			runOnlyForDeploymentPostprocessing = 0;
		};
		88CDAF1C1CCF076B0017DE61 /* Resources */ = {
			isa = PBXResourcesBuildPhase;
			buildActionMask = 2147483647;
			files = (
			);
			runOnlyForDeploymentPostprocessing = 0;
		};
		88CDAF271CCF076B0017DE61 /* Resources */ = {
			isa = PBXResourcesBuildPhase;
			buildActionMask = 2147483647;
			files = (
			);
			runOnlyForDeploymentPostprocessing = 0;
		};
/* End PBXResourcesBuildPhase section */

/* Begin PBXShellScriptBuildPhase section */
		1172938FA677A243D14B4AA2 /* Copy Pods Resources */ = {
			isa = PBXShellScriptBuildPhase;
			buildActionMask = 2147483647;
			files = (
			);
			inputPaths = (
			);
			name = "Copy Pods Resources";
			outputPaths = (
			);
			runOnlyForDeploymentPostprocessing = 0;
			shellPath = /bin/sh;
			shellScript = "\"${SRCROOT}/Pods/Target Support Files/Pods/Pods-resources.sh\"\n";
			showEnvVarsInLog = 0;
		};
		7B28AFE5DA56B18C8175E1FC /* Check Pods Manifest.lock */ = {
			isa = PBXShellScriptBuildPhase;
			buildActionMask = 2147483647;
			files = (
			);
			inputPaths = (
			);
			name = "Check Pods Manifest.lock";
			outputPaths = (
			);
			runOnlyForDeploymentPostprocessing = 0;
			shellPath = /bin/sh;
			shellScript = "diff \"${PODS_ROOT}/../Podfile.lock\" \"${PODS_ROOT}/Manifest.lock\" > /dev/null\nif [[ $? != 0 ]] ; then\n    cat << EOM\nerror: The sandbox is not in sync with the Podfile.lock. Run 'pod install' or update your CocoaPods installation.\nEOM\n    exit 1\nfi\n";
			showEnvVarsInLog = 0;
		};
		7D05D455A7AA443713E1A267 /* Embed Pods Frameworks */ = {
			isa = PBXShellScriptBuildPhase;
			buildActionMask = 2147483647;
			files = (
			);
			inputPaths = (
			);
			name = "Embed Pods Frameworks";
			outputPaths = (
			);
			runOnlyForDeploymentPostprocessing = 0;
			shellPath = /bin/sh;
			shellScript = "\"${SRCROOT}/Pods/Target Support Files/Pods/Pods-frameworks.sh\"\n";
			showEnvVarsInLog = 0;
		};
/* End PBXShellScriptBuildPhase section */

/* Begin PBXSourcesBuildPhase section */
		883E7BFD1D48A44400A344A6 /* Sources */ = {
			isa = PBXSourcesBuildPhase;
			buildActionMask = 2147483647;
			files = (
				883E7C091D48A44400A344A6 /* frameworkTests.m in Sources */,
			);
			runOnlyForDeploymentPostprocessing = 0;
		};
		88CDAF011CCF076B0017DE61 /* Sources */ = {
			isa = PBXSourcesBuildPhase;
			buildActionMask = 2147483647;
			files = (
				88A3C18E1D3E2EB900B4BB02 /* KBPhotoView.m in Sources */,
				88CDAF101CCF076B0017DE61 /* ViewController.m in Sources */,
				88C84B181D3E67DC00D84BBF /* KBLoadingView.m in Sources */,
				88CDAF0D1CCF076B0017DE61 /* AppDelegate.m in Sources */,
				883E7BDF1D45D41800A344A6 /* ImageView.m in Sources */,
				88A3C1911D3E2ECD00B4BB02 /* KBBarView.m in Sources */,
				88A3C18B1D3E2E8C00B4BB02 /* KBPhotoBrowser.m in Sources */,
				88CDAF0A1CCF076B0017DE61 /* main.m in Sources */,
			);
			runOnlyForDeploymentPostprocessing = 0;
		};
		88CDAF1A1CCF076B0017DE61 /* Sources */ = {
			isa = PBXSourcesBuildPhase;
			buildActionMask = 2147483647;
			files = (
				88CDAF231CCF076B0017DE61 /* PhotoBrowserTests.m in Sources */,
			);
			runOnlyForDeploymentPostprocessing = 0;
		};
		88CDAF251CCF076B0017DE61 /* Sources */ = {
			isa = PBXSourcesBuildPhase;
			buildActionMask = 2147483647;
			files = (
				88CDAF2E1CCF076B0017DE61 /* PhotoBrowserUITests.m in Sources */,
			);
			runOnlyForDeploymentPostprocessing = 0;
		};
/* End PBXSourcesBuildPhase section */

/* Begin PBXTargetDependency section */
		883E7C061D48A44400A344A6 /* PBXTargetDependency */ = {
			isa = PBXTargetDependency;
			target = 88CDAF041CCF076B0017DE61 /* PhotoBrowser */;
			targetProxy = 883E7C051D48A44400A344A6 /* PBXContainerItemProxy */;
		};
		88CDAF201CCF076B0017DE61 /* PBXTargetDependency */ = {
			isa = PBXTargetDependency;
			target = 88CDAF041CCF076B0017DE61 /* PhotoBrowser */;
			targetProxy = 88CDAF1F1CCF076B0017DE61 /* PBXContainerItemProxy */;
		};
		88CDAF2B1CCF076B0017DE61 /* PBXTargetDependency */ = {
			isa = PBXTargetDependency;
			target = 88CDAF041CCF076B0017DE61 /* PhotoBrowser */;
			targetProxy = 88CDAF2A1CCF076B0017DE61 /* PBXContainerItemProxy */;
		};
/* End PBXTargetDependency section */

/* Begin PBXVariantGroup section */
		88CDAF111CCF076B0017DE61 /* Main.storyboard */ = {
			isa = PBXVariantGroup;
			children = (
				88CDAF121CCF076B0017DE61 /* Base */,
			);
			name = Main.storyboard;
			sourceTree = "<group>";
		};
		88CDAF161CCF076B0017DE61 /* LaunchScreen.storyboard */ = {
			isa = PBXVariantGroup;
			children = (
				88CDAF171CCF076B0017DE61 /* Base */,
			);
			name = LaunchScreen.storyboard;
			sourceTree = "<group>";
		};
/* End PBXVariantGroup section */

/* Begin XCBuildConfiguration section */
		883E7C111D48A44400A344A6 /* Debug */ = {
			isa = XCBuildConfiguration;
			buildSettings = {
				INFOPLIST_FILE = frameworkTests/Info.plist;
				IPHONEOS_DEPLOYMENT_TARGET = 9.1;
				LD_RUNPATH_SEARCH_PATHS = "$(inherited) @executable_path/Frameworks @loader_path/Frameworks";
				PRODUCT_BUNDLE_IDENTIFIER = lwq.frameworkTests;
				PRODUCT_NAME = "$(TARGET_NAME)";
				TEST_HOST = "$(BUILT_PRODUCTS_DIR)/PhotoBrowser.app/PhotoBrowser";
			};
			name = Debug;
		};
		883E7C121D48A44400A344A6 /* Release */ = {
			isa = XCBuildConfiguration;
			buildSettings = {
				INFOPLIST_FILE = frameworkTests/Info.plist;
				IPHONEOS_DEPLOYMENT_TARGET = 9.1;
				LD_RUNPATH_SEARCH_PATHS = "$(inherited) @executable_path/Frameworks @loader_path/Frameworks";
				PRODUCT_BUNDLE_IDENTIFIER = lwq.frameworkTests;
				PRODUCT_NAME = "$(TARGET_NAME)";
				TEST_HOST = "$(BUILT_PRODUCTS_DIR)/PhotoBrowser.app/PhotoBrowser";
			};
			name = Release;
		};
		88CDAF301CCF076B0017DE61 /* Debug */ = {
			isa = XCBuildConfiguration;
			buildSettings = {
				ALWAYS_SEARCH_USER_PATHS = NO;
				CLANG_CXX_LANGUAGE_STANDARD = "gnu++0x";
				CLANG_CXX_LIBRARY = "libc++";
				CLANG_ENABLE_MODULES = YES;
				CLANG_ENABLE_OBJC_ARC = YES;
				CLANG_WARN_BOOL_CONVERSION = YES;
				CLANG_WARN_CONSTANT_CONVERSION = YES;
				CLANG_WARN_DIRECT_OBJC_ISA_USAGE = YES_ERROR;
				CLANG_WARN_EMPTY_BODY = YES;
				CLANG_WARN_ENUM_CONVERSION = YES;
				CLANG_WARN_INT_CONVERSION = YES;
				CLANG_WARN_OBJC_ROOT_CLASS = YES_ERROR;
				CLANG_WARN_UNREACHABLE_CODE = YES;
				CLANG_WARN__DUPLICATE_METHOD_MATCH = YES;
				"CODE_SIGN_IDENTITY[sdk=iphoneos*]" = "iPhone Developer";
				COPY_PHASE_STRIP = NO;
				DEBUG_INFORMATION_FORMAT = dwarf;
				ENABLE_STRICT_OBJC_MSGSEND = YES;
				ENABLE_TESTABILITY = YES;
				GCC_C_LANGUAGE_STANDARD = gnu99;
				GCC_DYNAMIC_NO_PIC = NO;
				GCC_NO_COMMON_BLOCKS = YES;
				GCC_OPTIMIZATION_LEVEL = 0;
				GCC_PREPROCESSOR_DEFINITIONS = (
					"DEBUG=1",
					"$(inherited)",
				);
				GCC_WARN_64_TO_32_BIT_CONVERSION = YES;
				GCC_WARN_ABOUT_RETURN_TYPE = YES_ERROR;
				GCC_WARN_UNDECLARED_SELECTOR = YES;
				GCC_WARN_UNINITIALIZED_AUTOS = YES_AGGRESSIVE;
				GCC_WARN_UNUSED_FUNCTION = YES;
				GCC_WARN_UNUSED_VARIABLE = YES;
				IPHONEOS_DEPLOYMENT_TARGET = 9.2;
				MTL_ENABLE_DEBUG_INFO = YES;
				ONLY_ACTIVE_ARCH = YES;
				SDKROOT = iphoneos;
			};
			name = Debug;
		};
		88CDAF311CCF076B0017DE61 /* Release */ = {
			isa = XCBuildConfiguration;
			buildSettings = {
				ALWAYS_SEARCH_USER_PATHS = NO;
				CLANG_CXX_LANGUAGE_STANDARD = "gnu++0x";
				CLANG_CXX_LIBRARY = "libc++";
				CLANG_ENABLE_MODULES = YES;
				CLANG_ENABLE_OBJC_ARC = YES;
				CLANG_WARN_BOOL_CONVERSION = YES;
				CLANG_WARN_CONSTANT_CONVERSION = YES;
				CLANG_WARN_DIRECT_OBJC_ISA_USAGE = YES_ERROR;
				CLANG_WARN_EMPTY_BODY = YES;
				CLANG_WARN_ENUM_CONVERSION = YES;
				CLANG_WARN_INT_CONVERSION = YES;
				CLANG_WARN_OBJC_ROOT_CLASS = YES_ERROR;
				CLANG_WARN_UNREACHABLE_CODE = YES;
				CLANG_WARN__DUPLICATE_METHOD_MATCH = YES;
				"CODE_SIGN_IDENTITY[sdk=iphoneos*]" = "iPhone Developer";
				COPY_PHASE_STRIP = NO;
				DEBUG_INFORMATION_FORMAT = "dwarf-with-dsym";
				ENABLE_NS_ASSERTIONS = NO;
				ENABLE_STRICT_OBJC_MSGSEND = YES;
				GCC_C_LANGUAGE_STANDARD = gnu99;
				GCC_NO_COMMON_BLOCKS = YES;
				GCC_WARN_64_TO_32_BIT_CONVERSION = YES;
				GCC_WARN_ABOUT_RETURN_TYPE = YES_ERROR;
				GCC_WARN_UNDECLARED_SELECTOR = YES;
				GCC_WARN_UNINITIALIZED_AUTOS = YES_AGGRESSIVE;
				GCC_WARN_UNUSED_FUNCTION = YES;
				GCC_WARN_UNUSED_VARIABLE = YES;
				IPHONEOS_DEPLOYMENT_TARGET = 9.2;
				MTL_ENABLE_DEBUG_INFO = NO;
				SDKROOT = iphoneos;
				VALIDATE_PRODUCT = YES;
			};
			name = Release;
		};
		88CDAF331CCF076B0017DE61 /* Debug */ = {
			isa = XCBuildConfiguration;
			baseConfigurationReference = 17BEBB58356E4DC0D6156216 /* Pods.debug.xcconfig */;
			buildSettings = {
				ASSETCATALOG_COMPILER_APPICON_NAME = AppIcon;
				CODE_SIGN_IDENTITY = "iPhone Developer";
				INFOPLIST_FILE = PhotoBrowser/Info.plist;
				IPHONEOS_DEPLOYMENT_TARGET = 8.0;
				LD_RUNPATH_SEARCH_PATHS = "$(inherited) @executable_path/Frameworks";
				PRODUCT_BUNDLE_IDENTIFIER = RT.PhotoBrowser.1;
				PRODUCT_NAME = "$(TARGET_NAME)";
			};
			name = Debug;
		};
		88CDAF341CCF076B0017DE61 /* Release */ = {
			isa = XCBuildConfiguration;
			baseConfigurationReference = 8B3730AD58B7C6B7B3A9B419 /* Pods.release.xcconfig */;
			buildSettings = {
				ASSETCATALOG_COMPILER_APPICON_NAME = AppIcon;
				CODE_SIGN_IDENTITY = "iPhone Developer";
				INFOPLIST_FILE = PhotoBrowser/Info.plist;
				IPHONEOS_DEPLOYMENT_TARGET = 8.0;
				LD_RUNPATH_SEARCH_PATHS = "$(inherited) @executable_path/Frameworks";
				PRODUCT_BUNDLE_IDENTIFIER = RT.PhotoBrowser.1;
				PRODUCT_NAME = "$(TARGET_NAME)";
			};
			name = Release;
		};
		88CDAF361CCF076B0017DE61 /* Debug */ = {
			isa = XCBuildConfiguration;
			buildSettings = {
				BUNDLE_LOADER = "$(TEST_HOST)";
				INFOPLIST_FILE = PhotoBrowserTests/Info.plist;
				LD_RUNPATH_SEARCH_PATHS = "$(inherited) @executable_path/Frameworks @loader_path/Frameworks";
				PRODUCT_BUNDLE_IDENTIFIER = RT.PhotoBrowserTests;
				PRODUCT_NAME = "$(TARGET_NAME)";
				TEST_HOST = "$(BUILT_PRODUCTS_DIR)/PhotoBrowser.app/PhotoBrowser";
			};
			name = Debug;
		};
		88CDAF371CCF076B0017DE61 /* Release */ = {
			isa = XCBuildConfiguration;
			buildSettings = {
				BUNDLE_LOADER = "$(TEST_HOST)";
				INFOPLIST_FILE = PhotoBrowserTests/Info.plist;
				LD_RUNPATH_SEARCH_PATHS = "$(inherited) @executable_path/Frameworks @loader_path/Frameworks";
				PRODUCT_BUNDLE_IDENTIFIER = RT.PhotoBrowserTests;
				PRODUCT_NAME = "$(TARGET_NAME)";
				TEST_HOST = "$(BUILT_PRODUCTS_DIR)/PhotoBrowser.app/PhotoBrowser";
			};
			name = Release;
		};
		88CDAF391CCF076B0017DE61 /* Debug */ = {
			isa = XCBuildConfiguration;
			buildSettings = {
				INFOPLIST_FILE = PhotoBrowserUITests/Info.plist;
				LD_RUNPATH_SEARCH_PATHS = "$(inherited) @executable_path/Frameworks @loader_path/Frameworks";
				PRODUCT_BUNDLE_IDENTIFIER = RT.PhotoBrowserUITests;
				PRODUCT_NAME = "$(TARGET_NAME)";
				TEST_TARGET_NAME = PhotoBrowser;
				USES_XCTRUNNER = YES;
			};
			name = Debug;
		};
		88CDAF3A1CCF076B0017DE61 /* Release */ = {
			isa = XCBuildConfiguration;
			buildSettings = {
				INFOPLIST_FILE = PhotoBrowserUITests/Info.plist;
				LD_RUNPATH_SEARCH_PATHS = "$(inherited) @executable_path/Frameworks @loader_path/Frameworks";
				PRODUCT_BUNDLE_IDENTIFIER = RT.PhotoBrowserUITests;
				PRODUCT_NAME = "$(TARGET_NAME)";
				TEST_TARGET_NAME = PhotoBrowser;
				USES_XCTRUNNER = YES;
			};
			name = Release;
		};
/* End XCBuildConfiguration section */

/* Begin XCConfigurationList section */
		883E7C151D48A44400A344A6 /* Build configuration list for PBXNativeTarget "frameworkTests" */ = {
			isa = XCConfigurationList;
			buildConfigurations = (
				883E7C111D48A44400A344A6 /* Debug */,
				883E7C121D48A44400A344A6 /* Release */,
			);
			defaultConfigurationIsVisible = 0;
		};
		88CDAF001CCF076B0017DE61 /* Build configuration list for PBXProject "PhotoBrowser" */ = {
			isa = XCConfigurationList;
			buildConfigurations = (
				88CDAF301CCF076B0017DE61 /* Debug */,
				88CDAF311CCF076B0017DE61 /* Release */,
			);
			defaultConfigurationIsVisible = 0;
			defaultConfigurationName = Release;
		};
		88CDAF321CCF076B0017DE61 /* Build configuration list for PBXNativeTarget "PhotoBrowser" */ = {
			isa = XCConfigurationList;
			buildConfigurations = (
				88CDAF331CCF076B0017DE61 /* Debug */,
				88CDAF341CCF076B0017DE61 /* Release */,
			);
			defaultConfigurationIsVisible = 0;
			defaultConfigurationName = Release;
		};
		88CDAF351CCF076B0017DE61 /* Build configuration list for PBXNativeTarget "PhotoBrowserTests" */ = {
			isa = XCConfigurationList;
			buildConfigurations = (
				88CDAF361CCF076B0017DE61 /* Debug */,
				88CDAF371CCF076B0017DE61 /* Release */,
			);
			defaultConfigurationIsVisible = 0;
			defaultConfigurationName = Release;
		};
		88CDAF381CCF076B0017DE61 /* Build configuration list for PBXNativeTarget "PhotoBrowserUITests" */ = {
			isa = XCConfigurationList;
			buildConfigurations = (
				88CDAF391CCF076B0017DE61 /* Debug */,
				88CDAF3A1CCF076B0017DE61 /* Release */,
			);
			defaultConfigurationIsVisible = 0;
			defaultConfigurationName = Release;
		};
/* End XCConfigurationList section */
	};
	rootObject = 88CDAEFD1CCF076B0017DE61 /* Project object */;
}
